// !$*UTF8*$!
{
	archiveVersion = 1;
	classes = {
	};
	objectVersion = 50;
	objects = {

/* Begin PBXBuildFile section */
		E069125923D78C9C0055CAFD /* AppDelegate.swift in Sources */ = {isa = PBXBuildFile; fileRef = E069125823D78C9C0055CAFD /* AppDelegate.swift */; };
		E069125B23D78C9C0055CAFD /* SceneDelegate.swift in Sources */ = {isa = PBXBuildFile; fileRef = E069125A23D78C9C0055CAFD /* SceneDelegate.swift */; };
		E069125D23D78C9C0055CAFD /* ViewController.swift in Sources */ = {isa = PBXBuildFile; fileRef = E069125C23D78C9C0055CAFD /* ViewController.swift */; };
		E069126023D78C9C0055CAFD /* Main.storyboard in Resources */ = {isa = PBXBuildFile; fileRef = E069125E23D78C9C0055CAFD /* Main.storyboard */; };
		E069126323D78C9C0055CAFD /* Assignment2_iOS.xcdatamodeld in Sources */ = {isa = PBXBuildFile; fileRef = E069126123D78C9C0055CAFD /* Assignment2_iOS.xcdatamodeld */; };
		E069126523D78C9D0055CAFD /* Assets.xcassets in Resources */ = {isa = PBXBuildFile; fileRef = E069126423D78C9D0055CAFD /* Assets.xcassets */; };
		E069126823D78C9D0055CAFD /* LaunchScreen.storyboard in Resources */ = {isa = PBXBuildFile; fileRef = E069126623D78C9D0055CAFD /* LaunchScreen.storyboard */; };
/* End PBXBuildFile section */

/* Begin PBXFileReference section */
		E069125523D78C9C0055CAFD /* Assignment2_iOS.app */ = {isa = PBXFileReference; explicitFileType = wrapper.application; includeInIndex = 0; path = Assignment2_iOS.app; sourceTree = BUILT_PRODUCTS_DIR; };
		E069125823D78C9C0055CAFD /* AppDelegate.swift */ = {isa = PBXFileReference; lastKnownFileType = sourcecode.swift; path = AppDelegate.swift; sourceTree = "<group>"; };
		E069125A23D78C9C0055CAFD /* SceneDelegate.swift */ = {isa = PBXFileReference; lastKnownFileType = sourcecode.swift; path = SceneDelegate.swift; sourceTree = "<group>"; };
		E069125C23D78C9C0055CAFD /* ViewController.swift */ = {isa = PBXFileReference; lastKnownFileType = sourcecode.swift; path = ViewController.swift; sourceTree = "<group>"; };
		E069125F23D78C9C0055CAFD /* Base */ = {isa = PBXFileReference; lastKnownFileType = file.storyboard; name = Base; path = Base.lproj/Main.storyboard; sourceTree = "<group>"; };
		E069126223D78C9C0055CAFD /* Assignment2_iOS.xcdatamodel */ = {isa = PBXFileReference; lastKnownFileType = wrapper.xcdatamodel; path = Assignment2_iOS.xcdatamodel; sourceTree = "<group>"; };
		E069126423D78C9D0055CAFD /* Assets.xcassets */ = {isa = PBXFileReference; lastKnownFileType = folder.assetcatalog; path = Assets.xcassets; sourceTree = "<group>"; };
		E069126723D78C9D0055CAFD /* Base */ = {isa = PBXFileReference; lastKnownFileType = file.storyboard; name = Base; path = Base.lproj/LaunchScreen.storyboard; sourceTree = "<group>"; };
		E069126923D78C9D0055CAFD /* Info.plist */ = {isa = PBXFileReference; lastKnownFileType = text.plist.xml; path = Info.plist; sourceTree = "<group>"; };
/* End PBXFileReference section */

/* Begin PBXFrameworksBuildPhase section */
		E069125223D78C9C0055CAFD /* Frameworks */ = {
			isa = PBXFrameworksBuildPhase;
			buildActionMask = 2147483647;
			files = (
			);
			runOnlyForDeploymentPostprocessing = 0;
		};
/* End PBXFrameworksBuildPhase section */

/* Begin PBXGroup section */
		E069124C23D78C9C0055CAFD = {
			isa = PBXGroup;
			children = (
				E069125723D78C9C0055CAFD /* Assignment2_iOS */,
				E069125623D78C9C0055CAFD /* Products */,
			);
			sourceTree = "<group>";
		};
		E069125623D78C9C0055CAFD /* Products */ = {
			isa = PBXGroup;
			children = (
				E069125523D78C9C0055CAFD /* Assignment2_iOS.app */,
			);
			name = Products;
			sourceTree = "<group>";
		};
		E069125723D78C9C0055CAFD /* Assignment2_iOS */ = {
			isa = PBXGroup;
			children = (
				E069125823D78C9C0055CAFD /* AppDelegate.swift */,
				E069125A23D78C9C0055CAFD /* SceneDelegate.swift */,
				E069125C23D78C9C0055CAFD /* ViewController.swift */,
				E069125E23D78C9C0055CAFD /* Main.storyboard */,
				E069126423D78C9D0055CAFD /* Assets.xcassets */,
				E069126623D78C9D0055CAFD /* LaunchScreen.storyboard */,
				E069126923D78C9D0055CAFD /* Info.plist */,
				E069126123D78C9C0055CAFD /* Assignment2_iOS.xcdatamodeld */,
			);
			path = Assignment2_iOS;
			sourceTree = "<group>";
		};
/* End PBXGroup section */

/* Begin PBXNativeTarget section */
		E069125423D78C9C0055CAFD /* Assignment2_iOS */ = {
			isa = PBXNativeTarget;
			buildConfigurationList = E069126C23D78C9D0055CAFD /* Build configuration list for PBXNativeTarget "Assignment2_iOS" */;
			buildPhases = (
				E069125123D78C9C0055CAFD /* Sources */,
				E069125223D78C9C0055CAFD /* Frameworks */,
				E069125323D78C9C0055CAFD /* Resources */,
			);
			buildRules = (
			);
			dependencies = (
			);
			name = Assignment2_iOS;
			productName = Assignment2_iOS;
			productReference = E069125523D78C9C0055CAFD /* Assignment2_iOS.app */;
			productType = "com.apple.product-type.application";
		};
/* End PBXNativeTarget section */

/* Begin PBXProject section */
		E069124D23D78C9C0055CAFD /* Project object */ = {
			isa = PBXProject;
			attributes = {
				LastSwiftUpdateCheck = 1130;
				LastUpgradeCheck = 1130;
				ORGANIZATIONNAME = "Ankita Jain";
				TargetAttributes = {
					E069125423D78C9C0055CAFD = {
						CreatedOnToolsVersion = 11.3.1;
					};
				};
			};
			buildConfigurationList = E069125023D78C9C0055CAFD /* Build configuration list for PBXProject "Assignment2_iOS" */;
			compatibilityVersion = "Xcode 9.3";
			developmentRegion = en;
			hasScannedForEncodings = 0;
			knownRegions = (
				en,
				Base,
			);
			mainGroup = E069124C23D78C9C0055CAFD;
			productRefGroup = E069125623D78C9C0055CAFD /* Products */;
			projectDirPath = "";
			projectRoot = "";
			targets = (
				E069125423D78C9C0055CAFD /* Assignment2_iOS */,
			);
		};
/* End PBXProject section */

/* Begin PBXResourcesBuildPhase section */
		E069125323D78C9C0055CAFD /* Resources */ = {
			isa = PBXResourcesBuildPhase;
			buildActionMask = 2147483647;
			files = (
				E069126823D78C9D0055CAFD /* LaunchScreen.storyboard in Resources */,
				E069126523D78C9D0055CAFD /* Assets.xcassets in Resources */,
				E069126023D78C9C0055CAFD /* Main.storyboard in Resources */,
			);
			runOnlyForDeploymentPostprocessing = 0;
		};
/* End PBXResourcesBuildPhase section */

/* Begin PBXSourcesBuildPhase section */
		E069125123D78C9C0055CAFD /* Sources */ = {
			isa = PBXSourcesBuildPhase;
			buildActionMask = 2147483647;
			files = (
				E069125D23D78C9C0055CAFD /* ViewController.swift in Sources */,
				E069126323D78C9C0055CAFD /* Assignment2_iOS.xcdatamodeld in Sources */,
				E069125923D78C9C0055CAFD /* AppDelegate.swift in Sources */,
				E069125B23D78C9C0055CAFD /* SceneDelegate.swift in Sources */,
			);
			runOnlyForDeploymentPostprocessing = 0;
		};
/* End PBXSourcesBuildPhase section */

/* Begin PBXVariantGroup section */
		E069125E23D78C9C0055CAFD /* Main.storyboard */ = {
			isa = PBXVariantGroup;
			children = (
				E069125F23D78C9C0055CAFD /* Base */,
			);
			name = Main.storyboard;
			sourceTree = "<group>";
		};
		E069126623D78C9D0055CAFD /* LaunchScreen.storyboard */ = {
			isa = PBXVariantGroup;
			children = (
				E069126723D78C9D0055CAFD /* Base */,
			);
			name = LaunchScreen.storyboard;
			sourceTree = "<group>";
		};
/* End PBXVariantGroup section */

/* Begin XCBuildConfiguration section */
		E069126A23D78C9D0055CAFD /* Debug */ = {
			isa = XCBuildConfiguration;
			buildSettings = {
				ALWAYS_SEARCH_USER_PATHS = NO;
				CLANG_ANALYZER_NONNULL = YES;
				CLANG_ANALYZER_NUMBER_OBJECT_CONVERSION = YES_AGGRESSIVE;
				CLANG_CXX_LANGUAGE_STANDARD = "gnu++14";
				CLANG_CXX_LIBRARY = "libc++";
				CLANG_ENABLE_MODULES = YES;
				CLANG_ENABLE_OBJC_ARC = YES;
				CLANG_ENABLE_OBJC_WEAK = YES;
				CLANG_WARN_BLOCK_CAPTURE_AUTORELEASING = YES;
				CLANG_WARN_BOOL_CONVERSION = YES;
				CLANG_WARN_COMMA = YES;
				CLANG_WARN_CONSTANT_CONVERSION = YES;
				CLANG_WARN_DEPRECATED_OBJC_IMPLEMENTATIONS = YES;
				CLANG_WARN_DIRECT_OBJC_ISA_USAGE = YES_ERROR;
				CLANG_WARN_DOCUMENTATION_COMMENTS = YES;
				CLANG_WARN_EMPTY_BODY = YES;
				CLANG_WARN_ENUM_CONVERSION = YES;
				CLANG_WARN_INFINITE_RECURSION = YES;
				CLANG_WARN_INT_CONVERSION = YES;
				CLANG_WARN_NON_LITERAL_NULL_CONVERSION = YES;
				CLANG_WARN_OBJC_IMPLICIT_RETAIN_SELF = YES;
				CLANG_WARN_OBJC_LITERAL_CONVERSION = YES;
				CLANG_WARN_OBJC_ROOT_CLASS = YES_ERROR;
				CLANG_WARN_RANGE_LOOP_ANALYSIS = YES;
				CLANG_WARN_STRICT_PROTOTYPES = YES;
				CLANG_WARN_SUSPICIOUS_MOVE = YES;
				CLANG_WARN_UNGUARDED_AVAILABILITY = YES_AGGRESSIVE;
				CLANG_WARN_UNREACHABLE_CODE = YES;
				CLANG_WARN__DUPLICATE_METHOD_MATCH = YES;
				COPY_PHASE_STRIP = NO;
				DEBUG_INFORMATION_FORMAT = dwarf;
				ENABLE_STRICT_OBJC_MSGSEND = YES;
				ENABLE_TESTABILITY = YES;
				GCC_C_LANGUAGE_STANDARD = gnu11;
				GCC_DYNAMIC_NO_PIC = NO;
				GCC_NO_COMMON_BLOCKS = YES;
				GCC_OPTIMIZATION_LEVEL = 0;
				GCC_PREPROCESSOR_DEFINITIONS = (
					"DEBUG=1",
					"$(inherited)",
				);
				GCC_WARN_64_TO_32_BIT_CONVERSION = YES;
				GCC_WARN_ABOUT_RETURN_TYPE = YES_ERROR;
				GCC_WARN_UNDECLARED_SELECTOR = YES;
				GCC_WARN_UNINITIALIZED_AUTOS = YES_AGGRESSIVE;
				GCC_WARN_UNUSED_FUNCTION = YES;
				GCC_WARN_UNUSED_VARIABLE = YES;
				IPHONEOS_DEPLOYMENT_TARGET = 13.2;
				MTL_ENABLE_DEBUG_INFO = INCLUDE_SOURCE;
				MTL_FAST_MATH = YES;
				ONLY_ACTIVE_ARCH = YES;
				SDKROOT = iphoneos;
				SWIFT_ACTIVE_COMPILATION_CONDITIONS = DEBUG;
				SWIFT_OPTIMIZATION_LEVEL = "-Onone";
			};
			name = Debug;
		};
		E069126B23D78C9D0055CAFD /* Release */ = {
			isa = XCBuildConfiguration;
			buildSettings = {
				ALWAYS_SEARCH_USER_PATHS = NO;
				CLANG_ANALYZER_NONNULL = YES;
				CLANG_ANALYZER_NUMBER_OBJECT_CONVERSION = YES_AGGRESSIVE;
				CLANG_CXX_LANGUAGE_STANDARD = "gnu++14";
				CLANG_CXX_LIBRARY = "libc++";
				CLANG_ENABLE_MODULES = YES;
				CLANG_ENABLE_OBJC_ARC = YES;
				CLANG_ENABLE_OBJC_WEAK = YES;
				CLANG_WARN_BLOCK_CAPTURE_AUTORELEASING = YES;
				CLANG_WARN_BOOL_CONVERSION = YES;
				CLANG_WARN_COMMA = YES;
				CLANG_WARN_CONSTANT_CONVERSION = YES;
				CLANG_WARN_DEPRECATED_OBJC_IMPLEMENTATIONS = YES;
				CLANG_WARN_DIRECT_OBJC_ISA_USAGE = YES_ERROR;
				CLANG_WARN_DOCUMENTATION_COMMENTS = YES;
				CLANG_WARN_EMPTY_BODY = YES;
				CLANG_WARN_ENUM_CONVERSION = YES;
				CLANG_WARN_INFINITE_RECURSION = YES;
				CLANG_WARN_INT_CONVERSION = YES;
				CLANG_WARN_NON_LITERAL_NULL_CONVERSION = YES;
				CLANG_WARN_OBJC_IMPLICIT_RETAIN_SELF = YES;
				CLANG_WARN_OBJC_LITERAL_CONVERSION = YES;
				CLANG_WARN_OBJC_ROOT_CLASS = YES_ERROR;
				CLANG_WARN_RANGE_LOOP_ANALYSIS = YES;
				CLANG_WARN_STRICT_PROTOTYPES = YES;
				CLANG_WARN_SUSPICIOUS_MOVE = YES;
				CLANG_WARN_UNGUARDED_AVAILABILITY = YES_AGGRESSIVE;
				CLANG_WARN_UNREACHABLE_CODE = YES;
				CLANG_WARN__DUPLICATE_METHOD_MATCH = YES;
				COPY_PHASE_STRIP = NO;
				DEBUG_INFORMATION_FORMAT = "dwarf-with-dsym";
				ENABLE_NS_ASSERTIONS = NO;
				ENABLE_STRICT_OBJC_MSGSEND = YES;
				GCC_C_LANGUAGE_STANDARD = gnu11;
				GCC_NO_COMMON_BLOCKS = YES;
				GCC_WARN_64_TO_32_BIT_CONVERSION = YES;
				GCC_WARN_ABOUT_RETURN_TYPE = YES_ERROR;
				GCC_WARN_UNDECLARED_SELECTOR = YES;
				GCC_WARN_UNINITIALIZED_AUTOS = YES_AGGRESSIVE;
				GCC_WARN_UNUSED_FUNCTION = YES;
				GCC_WARN_UNUSED_VARIABLE = YES;
				IPHONEOS_DEPLOYMENT_TARGET = 13.2;
				MTL_ENABLE_DEBUG_INFO = NO;
				MTL_FAST_MATH = YES;
				SDKROOT = iphoneos;
				SWIFT_COMPILATION_MODE = wholemodule;
				SWIFT_OPTIMIZATION_LEVEL = "-O";
				VALIDATE_PRODUCT = YES;
			};
			name = Release;
		};
		E069126D23D78C9D0055CAFD /* Debug */ = {
			isa = XCBuildConfiguration;
			buildSettings = {
				ASSETCATALOG_COMPILER_APPICON_NAME = AppIcon;
				CODE_SIGN_STYLE = Automatic;
				DEVELOPMENT_TEAM = 4D8V5RZBKQ;
				INFOPLIST_FILE = Assignment2_iOS/Info.plist;
				LD_RUNPATH_SEARCH_PATHS = (
					"$(inherited)",
					"@executable_path/Frameworks",
				);
				PRODUCT_BUNDLE_IDENTIFIER = "com.ankita.Assignment2-iOS";
				PRODUCT_NAME = "$(TARGET_NAME)";
				SWIFT_VERSION = 5.0;
				TARGETED_DEVICE_FAMILY = "1,2";
			};
			name = Debug;
		};
		E069126E23D78C9D0055CAFD /* Release */ = {
			isa = XCBuildConfiguration;
			buildSettings = {
				ASSETCATALOG_COMPILER_APPICON_NAME = AppIcon;
				CODE_SIGN_STYLE = Automatic;
				DEVELOPMENT_TEAM = 4D8V5RZBKQ;
				INFOPLIST_FILE = Assignment2_iOS/Info.plist;
				LD_RUNPATH_SEARCH_PATHS = (
					"$(inherited)",
					"@executable_path/Frameworks",
				);
				PRODUCT_BUNDLE_IDENTIFIER = "com.ankita.Assignment2-iOS";
				PRODUCT_NAME = "$(TARGET_NAME)";
				SWIFT_VERSION = 5.0;
				TARGETED_DEVICE_FAMILY = "1,2";
			};
			name = Release;
		};
/* End XCBuildConfiguration section */

/* Begin XCConfigurationList section */
		E069125023D78C9C0055CAFD /* Build configuration list for PBXProject "Assignment2_iOS" */ = {
			isa = XCConfigurationList;
			buildConfigurations = (
				E069126A23D78C9D0055CAFD /* Debug */,
				E069126B23D78C9D0055CAFD /* Release */,
			);
			defaultConfigurationIsVisible = 0;
			defaultConfigurationName = Release;
		};
		E069126C23D78C9D0055CAFD /* Build configuration list for PBXNativeTarget "Assignment2_iOS" */ = {
			isa = XCConfigurationList;
			buildConfigurations = (
				E069126D23D78C9D0055CAFD /* Debug */,
				E069126E23D78C9D0055CAFD /* Release */,
			);
			defaultConfigurationIsVisible = 0;
			defaultConfigurationName = Release;
		};
/* End XCConfigurationList section */

/* Begin XCVersionGroup section */
		E069126123D78C9C0055CAFD /* Assignment2_iOS.xcdatamodeld */ = {
			isa = XCVersionGroup;
			children = (
				E069126223D78C9C0055CAFD /* Assignment2_iOS.xcdatamodel */,
			);
			currentVersion = E069126223D78C9C0055CAFD /* Assignment2_iOS.xcdatamodel */;
			path = Assignment2_iOS.xcdatamodeld;
			sourceTree = "<group>";
			versionGroupType = wrapper.xcdatamodel;
		};
/* End XCVersionGroup section */
	};
	rootObject = E069124D23D78C9C0055CAFD /* Project object */;
}
